# THIS IS AN AUTOGENERATED FILE. DO NOT EDIT THIS FILE DIRECTLY.
# yarn lockfile v1


"@nestjs/mapped-types@1.2.2":
  version "1.2.2"
  resolved "https://registry.yarnpkg.com/@nestjs/mapped-types/-/mapped-types-1.2.2.tgz#d9ddb143776e309dbc1a518ac1607fddac1e140e"
  integrity sha512-3dHxLXs3M0GPiriAcCFFJQHoDFUuzTD5w6JDhE7TyfT89YKpe6tcCCIqOZWdXmt9AZjjK30RkHRSFF+QEnWFQg==

"@nestjs/swagger@^6.3.0":
  version "6.3.0"
  resolved "https://registry.yarnpkg.com/@nestjs/swagger/-/swagger-6.3.0.tgz#2963395a398374c25548a012eb15f03f53ad6e53"
  integrity sha512-Gnig189oa1tD+h0BYIfUwhp/wvvmTn6iO3csR2E4rQrDTgCxSxZDlNdfZo3AC+Rmf8u0KX4ZAX1RZN1qXTtC7A==
  dependencies:
    "@nestjs/mapped-types" "1.2.2"
    js-yaml "4.1.0"
    lodash "4.17.21"
    path-to-regexp "3.2.0"
    swagger-ui-dist "4.18.2"

"@prisma/client@^4.13.0":
  version "4.16.2"
  resolved "https://registry.yarnpkg.com/@prisma/client/-/client-4.16.2.tgz#3bb9ebd49b35c8236b3d468d0215192267016e2b"
  integrity sha512-qCoEyxv1ZrQ4bKy39GnylE8Zq31IRmm8bNhNbZx7bF2cU5aiCCnSa93J2imF88MBjn7J9eUQneNxUQVJdl/rPQ==
  dependencies:
    "@prisma/engines-version" "4.16.1-1.4bc8b6e1b66cb932731fb1bdbbc550d1e010de81"

"@prisma/engines-version@4.16.1-1.4bc8b6e1b66cb932731fb1bdbbc550d1e010de81":
  version "4.16.1-1.4bc8b6e1b66cb932731fb1bdbbc550d1e010de81"
  resolved "https://registry.yarnpkg.com/@prisma/engines-version/-/engines-version-4.16.1-1.4bc8b6e1b66cb932731fb1bdbbc550d1e010de81.tgz#d3b5dcf95b6d220e258cbf6ae19b06d30a7e9f14"
  integrity sha512-q617EUWfRIDTriWADZ4YiWRZXCa/WuhNgLTVd+HqWLffjMSPzyM5uOWoauX91wvQClSKZU4pzI4JJLQ9Kl62Qg==

"@types/validator@^13.7.10":
  version "13.11.1"
  resolved "https://registry.yarnpkg.com/@types/validator/-/validator-13.11.1.tgz#6560af76ed54490e68c42f717ab4e742ba7be74b"
  integrity sha512-d/MUkJYdOeKycmm75Arql4M5+UuXmf4cHdHKsyw1GcvnNgL6s77UkgSgJ8TE/rI5PYsnwYq5jkcWBLuN/MpQ1A==

argparse@^2.0.1:
  version "2.0.1"
  resolved "https://registry.yarnpkg.com/argparse/-/argparse-2.0.1.tgz#246f50f3ca78a3240f6c997e8a9bd1eac49e4b38"
  integrity sha512-8+9WqebbFzpX9OR+Wa6O29asIogeRMzcGtAINdpMHHyAg10f05aSFVBbcEqGf/PXw1EjAZ+q2/bEBg3DvurK3Q==

class-transformer@^0.5.1:
  version "0.5.1"
  resolved "https://registry.yarnpkg.com/class-transformer/-/class-transformer-0.5.1.tgz#24147d5dffd2a6cea930a3250a677addf96ab336"
  integrity sha512-SQa1Ws6hUbfC98vKGxZH3KFY0Y1lm5Zm0SY8XX9zbK7FJCyVEac3ATW0RIpwzW+oOfmHE5PMPufDG9hCfoEOMw==

class-validator@^0.14.0:
  version "0.14.0"
  resolved "https://registry.yarnpkg.com/class-validator/-/class-validator-0.14.0.tgz#40ed0ecf3c83b2a8a6a320f4edb607be0f0df159"
  integrity sha512-ct3ltplN8I9fOwUd8GrP8UQixwff129BkEtuWDKL5W45cQuLd19xqmTLu5ge78YDm/fdje6FMt0hGOhl0lii3A==
  dependencies:
    "@types/validator" "^13.7.10"
    libphonenumber-js "^1.10.14"
    validator "^13.7.0"

js-yaml@4.1.0:
  version "4.1.0"
  resolved "https://registry.yarnpkg.com/js-yaml/-/js-yaml-4.1.0.tgz#c1fb65f8f5017901cdd2c951864ba18458a10602"
  integrity sha512-wpxZs9NoxZaJESJGIZTyDEaYpl0FKSA+FB9aJiyemKhMwkxQg63h4T1KJgUGHpTqPDNRcmmYLugrRjJlBtWvRA==
  dependencies:
    argparse "^2.0.1"

libphonenumber-js@^1.10.14:
  version "1.10.41"
  resolved "https://registry.yarnpkg.com/libphonenumber-js/-/libphonenumber-js-1.10.41.tgz#14b6be5894bed3385808a6a088031b5b8a27c105"
  integrity sha512-4rmmF4u4vD3eGNuuCGjCPwRwO+fIuu1WWcS7VwbPTiMFkJd8F02v8o5pY5tlYuMR+xOvJ88mtOHpkm0Tnu2LcQ==

lodash@4.17.21:
  version "4.17.21"
  resolved "https://registry.yarnpkg.com/lodash/-/lodash-4.17.21.tgz#679591c564c3bffaae8454cf0b3df370c3d6911c"
  integrity sha512-v2kDEe57lecTulaDIuNTPy3Ry4gLGJ6Z1O3vE1krgXZNrsQ+LFTGHVxVjcXPs17LhbZVGedAJv8XZ1tvj5FvSg==

path-to-regexp@3.2.0:
  version "3.2.0"
  resolved "https://registry.yarnpkg.com/path-to-regexp/-/path-to-regexp-3.2.0.tgz#fa7877ecbc495c601907562222453c43cc204a5f"
  integrity sha512-jczvQbCUS7XmS7o+y1aEO9OBVFeZBQ1MDSEqmO7xSoPgOPoowY/SxLpZ6Vh97/8qHZOteiCKb7gkG9gA2ZUxJA==

swagger-ui-dist@4.18.2:
  version "4.18.2"
  resolved "https://registry.yarnpkg.com/swagger-ui-dist/-/swagger-ui-dist-4.18.2.tgz#323308f1c1d87a7c22ce3e273c31835eb680a71b"
  integrity sha512-oVBoBl9Dg+VJw8uRWDxlyUyHoNEDC0c1ysT6+Boy6CTgr2rUcLcfPon4RvxgS2/taNW6O0+US+Z/dlAsWFjOAQ==

validator@^13.7.0:
  version "13.11.0"
  resolved "https://registry.yarnpkg.com/validator/-/validator-13.11.0.tgz#23ab3fd59290c61248364eabf4067f04955fbb1b"
  integrity sha512-Ii+sehpSfZy+At5nPdnyMhx78fEoPDkR2XW/zimHEL3MyGJQOCQ7WeP20jPYRz7ZCpcKLB21NxuXHF3bxjStBQ==
